
Microsoft Visual Studio Solution File, Format Version 12.00
# Visual Studio Version 17
VisualStudioVersion = 17.7.34221.43
MinimumVisualStudioVersion = 10.0.40219.1
Project("{FAE04EC0-301F-11D3-BF4B-00C04F79EFBC}") = "_DoAn", "_DoAn.csproj", "{8EF37541-FDF6-4812-80E6-140B9F89B05D}"
EndProject
Global
	GlobalSection(SolutionConfigurationPlatforms) = preSolution
		Debug|Any CPU = Debug|Any CPU
		Release|Any CPU = Release|Any CPU
	EndGlobalSection
	GlobalSection(ProjectConfigurationPlatforms) = postSolution
		{8EF37541-FDF6-4812-80E6-140B9F89B05D}.Debug|Any CPU.ActiveCfg = Debug|Any CPU
		{8EF37541-FDF6-4812-80E6-140B9F89B05D}.Debug|Any CPU.Build.0 = Debug|Any CPU
		{8EF37541-FDF6-4812-80E6-140B9F89B05D}.Release|Any CPU.ActiveCfg = Release|Any CPU
		{8EF37541-FDF6-4812-80E6-140B9F89B05D}.Release|Any CPU.Build.0 = Release|Any CPU
	EndGlobalSection
	GlobalSection(SolutionProperties) = preSolution
		HideSolutionNode = FALSE
	EndGlobalSection
	GlobalSection(ExtensibilityGlobals) = postSolution
		SolutionGuid = {86C1BDE6-A68E-43A9-A50C-8675F3A416D9}
	EndGlobalSection
EndGlobal
